github.com/google/go-cmp v0.5.6 h1:BKbKCqvP6I+rmFHt06ZmyQtvB8xAkWdhFyr0ZUNZcxQ=
github.com/google/go-cmp v0.5.6/go.mod h1:v8dTdLbMG2kIc/vJvl+f65V22dbkXbowE6jgT/gNBxE=
github.com/kmrd-industries/qlp-proto-bindings v0.0.0-20241106174030-9403ec4583c4 h1:fOLyHiyUrndKPfCJ4Kix2+fSX3WWePEd8odyKRjolww=
github.com/kmrd-industries/qlp-proto-bindings v0.0.0-20241106174030-9403ec4583c4/go.mod h1:Mfx2LIeSPyHIrxidbsDOOx821+pdwA6Wzd7nqtFL9Zk=
github.com/kmrd-industries/qlp-proto-bindings v0.0.0-20241112204319-c331ccd6a063 h1:9rFiZsXpODQ9kecXILc6t4j01AD2OfqitA0J5vy41mA=
github.com/kmrd-industries/qlp-proto-bindings v0.0.0-20241112204319-c331ccd6a063/go.mod h1:Mfx2LIeSPyHIrxidbsDOOx821+pdwA6Wzd7nqtFL9Zk=
github.com/kmrd-industries/qlp-proto-bindings v0.0.0-20241113182551-a0109f177814 h1:vNeaM/OzK2phpEJOGR7v40+T/fp5Zy0zYL4BhRksw/Q=
github.com/kmrd-industries/qlp-proto-bindings v0.0.0-20241113182551-a0109f177814/go.mod h1:Mfx2LIeSPyHIrxidbsDOOx821+pdwA6Wzd7nqtFL9Zk=
github.com/kmrd-industries/qlp-proto-bindings v0.0.0-20241113183132-3b504518a128 h1:MfO4jZ7Tc2kFJ2tQK4VqnBmw5hdnQET+AdurOXcPjAQ=
github.com/kmrd-industries/qlp-proto-bindings v0.0.0-20241113183132-3b504518a128/go.mod h1:Mfx2LIeSPyHIrxidbsDOOx821+pdwA6Wzd7nqtFL9Zk=
github.com/kmrd-industries/qlp-proto-bindings v0.1.1-0.20241127004349-1372e82a40e5 h1:9iP4VnTuj8MjOktM4A12hzd8v/IhFeev44TVE/HtDGw=
github.com/kmrd-industries/qlp-proto-bindings v0.1.1-0.20241127004349-1372e82a40e5/go.mod h1:Mfx2LIeSPyHIrxidbsDOOx821+pdwA6Wzd7nqtFL9Zk=
github.com/kmrd-industries/qlp-proto-bindings v0.1.1-0.20241205175248-a94616a966d7 h1:hAIwqECzw1yYfhu8tpmUJUS9AYYaMg05euIkGCww450=
github.com/kmrd-industries/qlp-proto-bindings v0.1.1-0.20241205175248-a94616a966d7/go.mod h1:Mfx2LIeSPyHIrxidbsDOOx821+pdwA6Wzd7nqtFL9Zk=
github.com/kmrd-industries/qlp-proto-bindings v0.1.1-0.20241208185202-f94f4c4cc3a9 h1:KCq0kfsKnLIicny73bxfNTRHCv1EQ2yXgRts6MpTx3k=
github.com/kmrd-industries/qlp-proto-bindings v0.1.1-0.20241208185202-f94f4c4cc3a9/go.mod h1:Mfx2LIeSPyHIrxidbsDOOx821+pdwA6Wzd7nqtFL9Zk=
github.com/ungerik/go3d v0.0.0-20240502073936-1137f6adf7e9 h1:wMWP16Ijw+W+IXGcAzrwQDua1NBB4tP8iWECpg5DVRQ=
github.com/ungerik/go3d v0.0.0-20240502073936-1137f6adf7e9/go.mod h1:ipEjrk2uLK4xX8ivWBPIVOD0fMtKyPI0strluUfIlYQ=
golang.org/x/xerrors v0.0.0-20191204190536-9bdfabe68543/go.mod h1:I/5z698sn9Ka8TeJc9MKroUUfqBBauWjQqLJ2OPfmY0=
golang.org/x/xerrors v0.0.0-20200804184101-5ec99f83aff1 h1:go1bK/D/BFZV2I8cIQd1NKEZ+0owSTG1fDTci4IqFcE=
golang.org/x/xerrors v0.0.0-20200804184101-5ec99f83aff1/go.mod h1:I/5z698sn9Ka8TeJc9MKroUUfqBBauWjQqLJ2OPfmY0=
google.golang.org/protobuf v1.34.2 h1:6xV6lTsCfpGD21XK49h7MhtcApnLqkfYgPcdHftf6hg=
google.golang.org/protobuf v1.34.2/go.mod h1:qYOHts0dSfpeUzUFpOMr/WGzszTmLH+DiWniOlNbLDw=
