github.com/google/go-cmp v0.5.6 h1:BKbKCqvP6I+rmFHt06ZmyQtvB8xAkWdhFyr0ZUNZcxQ=
github.com/google/go-cmp v0.5.6/go.mod h1:v8dTdLbMG2kIc/vJvl+f65V22dbkXbowE6jgT/gNBxE=
github.com/kmrd-industries/qlp-proto-bindings v0.0.0-20240922124520-e0496a740df4 h1:ikB5XGJqGG5f2cs0P0rFZyiDEb2TuJm4Ekunfs9JY7w=
github.com/kmrd-industries/qlp-proto-bindings v0.0.0-20240922124520-e0496a740df4/go.mod h1:Mfx2LIeSPyHIrxidbsDOOx821+pdwA6Wzd7nqtFL9Zk=
github.com/kmrd-industries/qlp-proto-bindings v0.0.0-20241004124427-dafffe97404a h1:0E/0tGj6jEUbPjwMmQvBv7MkqLN6PjpeiUJN454fCuE=
github.com/kmrd-industries/qlp-proto-bindings v0.0.0-20241004124427-dafffe97404a/go.mod h1:Mfx2LIeSPyHIrxidbsDOOx821+pdwA6Wzd7nqtFL9Zk=
github.com/ungerik/go3d v0.0.0-20240502073936-1137f6adf7e9 h1:wMWP16Ijw+W+IXGcAzrwQDua1NBB4tP8iWECpg5DVRQ=
github.com/ungerik/go3d v0.0.0-20240502073936-1137f6adf7e9/go.mod h1:ipEjrk2uLK4xX8ivWBPIVOD0fMtKyPI0strluUfIlYQ=
golang.org/x/xerrors v0.0.0-20191204190536-9bdfabe68543/go.mod h1:I/5z698sn9Ka8TeJc9MKroUUfqBBauWjQqLJ2OPfmY0=
golang.org/x/xerrors v0.0.0-20200804184101-5ec99f83aff1 h1:go1bK/D/BFZV2I8cIQd1NKEZ+0owSTG1fDTci4IqFcE=
golang.org/x/xerrors v0.0.0-20200804184101-5ec99f83aff1/go.mod h1:I/5z698sn9Ka8TeJc9MKroUUfqBBauWjQqLJ2OPfmY0=
google.golang.org/protobuf v1.34.2 h1:6xV6lTsCfpGD21XK49h7MhtcApnLqkfYgPcdHftf6hg=
google.golang.org/protobuf v1.34.2/go.mod h1:qYOHts0dSfpeUzUFpOMr/WGzszTmLH+DiWniOlNbLDw=
